
Microsoft Visual Studio Solution File, Format Version 12.00
# Visual Studio 2012
Project("{F184B08F-C81C-45F6-A57F-5ABD9991F28F}") = "cifrado", "cifrado\cifrado.vbproj", "{98082559-D888-4C0F-AFDB-B343D777AA53}"
EndProject
Global
	GlobalSection(SolutionConfigurationPlatforms) = preSolution
		Debug|Any CPU = Debug|Any CPU
		Release|Any CPU = Release|Any CPU
	EndGlobalSection
	GlobalSection(ProjectConfigurationPlatforms) = postSolution
		{98082559-D888-4C0F-AFDB-B343D777AA53}.Debug|Any CPU.ActiveCfg = Debug|Any CPU
		{98082559-D888-4C0F-AFDB-B343D777AA53}.Debug|Any CPU.Build.0 = Debug|Any CPU
		{98082559-D888-4C0F-AFDB-B343D777AA53}.Release|Any CPU.ActiveCfg = Release|Any CPU
		{98082559-D888-4C0F-AFDB-B343D777AA53}.Release|Any CPU.Build.0 = Release|Any CPU
	EndGlobalSection
	GlobalSection(SolutionProperties) = preSolution
		HideSolutionNode = FALSE
	EndGlobalSection
EndGlobal
